
Microsoft Visual Studio Solution File, Format Version 12.00
# Visual Studio 15
VisualStudioVersion = 15.0.28307.1000
MinimumVisualStudioVersion = 10.0.40219.1
Project("{FAE04EC0-301F-11D3-BF4B-00C04F79EFBC}") = "youtubeComment_Service", "passwordRESTService\youtubeComment_Service.csproj", "{0BAD2092-2239-4210-B3C1-ADCD62827E3A}"
EndProject
Project("{FAE04EC0-301F-11D3-BF4B-00C04F79EFBC}") = "youtubeComment_TryIt", "passwordClient\youtubeComment_TryIt.csproj", "{D6507299-80CA-4222-BA04-670F9DA48224}"
EndProject
Global
	GlobalSection(SolutionConfigurationPlatforms) = preSolution
		Debug|Any CPU = Debug|Any CPU
		Release|Any CPU = Release|Any CPU
	EndGlobalSection
	GlobalSection(ProjectConfigurationPlatforms) = postSolution
		{0BAD2092-2239-4210-B3C1-ADCD62827E3A}.Debug|Any CPU.ActiveCfg = Debug|Any CPU
		{0BAD2092-2239-4210-B3C1-ADCD62827E3A}.Debug|Any CPU.Build.0 = Debug|Any CPU
		{0BAD2092-2239-4210-B3C1-ADCD62827E3A}.Release|Any CPU.ActiveCfg = Release|Any CPU
		{0BAD2092-2239-4210-B3C1-ADCD62827E3A}.Release|Any CPU.Build.0 = Release|Any CPU
		{D6507299-80CA-4222-BA04-670F9DA48224}.Debug|Any CPU.ActiveCfg = Debug|Any CPU
		{D6507299-80CA-4222-BA04-670F9DA48224}.Debug|Any CPU.Build.0 = Debug|Any CPU
		{D6507299-80CA-4222-BA04-670F9DA48224}.Release|Any CPU.ActiveCfg = Release|Any CPU
		{D6507299-80CA-4222-BA04-670F9DA48224}.Release|Any CPU.Build.0 = Release|Any CPU
	EndGlobalSection
	GlobalSection(SolutionProperties) = preSolution
		HideSolutionNode = FALSE
	EndGlobalSection
	GlobalSection(ExtensibilityGlobals) = postSolution
		SolutionGuid = {0D01A6C0-3381-46D9-847D-7ED3C643D240}
	EndGlobalSection
EndGlobal
